
Microsoft Visual Studio Solution File, Format Version 12.00
# Visual Studio Version 16
VisualStudioVersion = 16.0.31729.503
MinimumVisualStudioVersion = 10.0.40219.1
Project("{2150E333-8FDC-42A3-9474-1A3956D46DE8}") = "MF", "MF", "{F244649A-C200-4F00-9793-8440602E2EC2}"
EndProject
Project("{9A19103F-16F7-4668-BE54-9A1E7A4F7556}") = "MF.ApiJob", "MF\MF.ApiJob\MF.ApiJob.csproj", "{D23C3C6C-30AB-4E6B-A17C-EC54BD788AF7}"
EndProject
Project("{9A19103F-16F7-4668-BE54-9A1E7A4F7556}") = "MF.Cache", "MF\MF.Cache\MF.Cache.csproj", "{4D4AE02F-99F5-4555-9111-48A64A66750F}"
EndProject
Project("{9A19103F-16F7-4668-BE54-9A1E7A4F7556}") = "MF.Consul", "MF\MF.Consul\MF.Consul.csproj", "{F3A9DAA4-4028-4A0D-968C-B512645A7E46}"
EndProject
Project("{9A19103F-16F7-4668-BE54-9A1E7A4F7556}") = "MF.Core", "MF\MF.Core\MF.Core.csproj", "{B614E0B1-B8E4-4854-8B45-397B2E3AAA2A}"
EndProject
Project("{9A19103F-16F7-4668-BE54-9A1E7A4F7556}") = "MF.ExportTask", "MF\MF.ExportTask\MF.ExportTask.csproj", "{87DA7C05-37C5-4BD2-AF52-EA514CF58AEA}"
EndProject
Project("{9A19103F-16F7-4668-BE54-9A1E7A4F7556}") = "MF.FluentValidation", "MF\MF.FluentValidation\MF.FluentValidation.csproj", "{CD40F412-AAD3-4847-A4D0-40E4E67428C5}"
EndProject
Project("{9A19103F-16F7-4668-BE54-9A1E7A4F7556}") = "MF.Ioc", "MF\MF.Ioc\MF.Ioc.csproj", "{E25636B0-7A1C-4BC0-A880-99C908965159}"
EndProject
Project("{9A19103F-16F7-4668-BE54-9A1E7A4F7556}") = "MF.Job", "MF\MF.Job\MF.Job.csproj", "{C3880A09-FBD0-44F9-9A04-74E8122622D1}"
EndProject
Project("{9A19103F-16F7-4668-BE54-9A1E7A4F7556}") = "MF.Job.Core", "MF\MF.Job.Core\MF.Job.Core.csproj", "{F76BB757-DEAE-4FF8-BE38-FF4E4F5242C8}"
EndProject
Project("{9A19103F-16F7-4668-BE54-9A1E7A4F7556}") = "MF.Localization.Json", "MF\MF.Localization.Json\MF.Localization.Json.csproj", "{2628280E-DD45-4A9A-B66E-3ECF9394F235}"
EndProject
Project("{9A19103F-16F7-4668-BE54-9A1E7A4F7556}") = "MF.Log", "MF\MF.Log\MF.Log.csproj", "{7B8F6E44-0E26-4D45-A7FD-4E056CD1C3C1}"
EndProject
Project("{9A19103F-16F7-4668-BE54-9A1E7A4F7556}") = "MF.Mapster", "MF\MF.Mapster\MF.Mapster.csproj", "{2543494B-0018-4CAF-ACBD-8BA828ABC42A}"
EndProject
Project("{9A19103F-16F7-4668-BE54-9A1E7A4F7556}") = "MF.MediatR", "MF\MF.MediatR\MF.MediatR.csproj", "{7FCF71A4-E2E9-4335-B72D-EA3FE34BD1D4}"
EndProject
Project("{9A19103F-16F7-4668-BE54-9A1E7A4F7556}") = "MF.Message", "MF\MF.Message\MF.Message.csproj", "{4955569E-F3A8-426B-83A9-5344BD75053C}"
EndProject
Project("{9A19103F-16F7-4668-BE54-9A1E7A4F7556}") = "MF.NetCoreApp", "MF\MF.NetCoreApp\MF.NetCoreApp.csproj", "{E3B418C9-5206-45BC-A141-823C127CC7A7}"
EndProject
Project("{9A19103F-16F7-4668-BE54-9A1E7A4F7556}") = "MF.Orm", "MF\MF.Orm\MF.Orm.csproj", "{7FFA3D68-913C-486E-926A-B966B214CD2C}"
EndProject
Project("{9A19103F-16F7-4668-BE54-9A1E7A4F7556}") = "MF.Rest", "MF\MF.Rest\MF.Rest.csproj", "{FFEC76E5-120D-4C27-955D-C510CA80397F}"
EndProject
Project("{9A19103F-16F7-4668-BE54-9A1E7A4F7556}") = "MF.Swagger", "MF\MF.Swagger\MF.Swagger.csproj", "{A49034D4-7B32-49AC-BAF8-16612CE5AE86}"
EndProject
Project("{9A19103F-16F7-4668-BE54-9A1E7A4F7556}") = "MF.Utils", "MF\MF.Utils\MF.Utils.csproj", "{9E0FD733-26C9-4786-BEA6-08B32393EEEC}"
EndProject
Project("{9A19103F-16F7-4668-BE54-9A1E7A4F7556}") = "MF.Utils.Excel", "MF\MF.Utils.Excel\MF.Utils.Excel.csproj", "{3DA64A6A-065F-4B14-8CA2-DDD1A6B53C0C}"
EndProject
Project("{9A19103F-16F7-4668-BE54-9A1E7A4F7556}") = "MF.Utils.SPC", "MF\MF.Utils.SPC\MF.Utils.SPC.csproj", "{01B7353B-F2A8-4569-B76B-C62CF93ACC6C}"
EndProject
Project("{9A19103F-16F7-4668-BE54-9A1E7A4F7556}") = "SimplCommerce.Modules", "MF\SimplCommerce.Modules\SimplCommerce.Modules.csproj", "{3DA7350F-DC7A-4C12-A68E-A01A3EC904F8}"
EndProject
Project("{9A19103F-16F7-4668-BE54-9A1E7A4F7556}") = "MF.Masuit", "MF\MF.Masuit\MF.Masuit.csproj", "{DAAAF550-68BF-4298-A040-11A0A22A8CC4}"
EndProject
Project("{9A19103F-16F7-4668-BE54-9A1E7A4F7556}") = "MF.Misdata", "MF\MF.Misdata\MF.Misdata.csproj", "{B556C0BB-86BC-4945-9108-858FF924FC62}"
EndProject
Global
	GlobalSection(SolutionConfigurationPlatforms) = preSolution
		Debug|Any CPU = Debug|Any CPU
		Debug|ARM64 = Debug|ARM64
		Release|Any CPU = Release|Any CPU
		Release|ARM64 = Release|ARM64
	EndGlobalSection
	GlobalSection(ProjectConfigurationPlatforms) = postSolution
		{D23C3C6C-30AB-4E6B-A17C-EC54BD788AF7}.Debug|Any CPU.ActiveCfg = Debug|Any CPU
		{D23C3C6C-30AB-4E6B-A17C-EC54BD788AF7}.Debug|Any CPU.Build.0 = Debug|Any CPU
		{D23C3C6C-30AB-4E6B-A17C-EC54BD788AF7}.Debug|ARM64.ActiveCfg = Debug|Any CPU
		{D23C3C6C-30AB-4E6B-A17C-EC54BD788AF7}.Debug|ARM64.Build.0 = Debug|Any CPU
		{D23C3C6C-30AB-4E6B-A17C-EC54BD788AF7}.Release|Any CPU.ActiveCfg = Release|Any CPU
		{D23C3C6C-30AB-4E6B-A17C-EC54BD788AF7}.Release|Any CPU.Build.0 = Release|Any CPU
		{D23C3C6C-30AB-4E6B-A17C-EC54BD788AF7}.Release|ARM64.ActiveCfg = Release|Any CPU
		{D23C3C6C-30AB-4E6B-A17C-EC54BD788AF7}.Release|ARM64.Build.0 = Release|Any CPU
		{4D4AE02F-99F5-4555-9111-48A64A66750F}.Debug|Any CPU.ActiveCfg = Debug|Any CPU
		{4D4AE02F-99F5-4555-9111-48A64A66750F}.Debug|Any CPU.Build.0 = Debug|Any CPU
		{4D4AE02F-99F5-4555-9111-48A64A66750F}.Debug|ARM64.ActiveCfg = Debug|Any CPU
		{4D4AE02F-99F5-4555-9111-48A64A66750F}.Debug|ARM64.Build.0 = Debug|Any CPU
		{4D4AE02F-99F5-4555-9111-48A64A66750F}.Release|Any CPU.ActiveCfg = Release|Any CPU
		{4D4AE02F-99F5-4555-9111-48A64A66750F}.Release|Any CPU.Build.0 = Release|Any CPU
		{4D4AE02F-99F5-4555-9111-48A64A66750F}.Release|ARM64.ActiveCfg = Release|Any CPU
		{4D4AE02F-99F5-4555-9111-48A64A66750F}.Release|ARM64.Build.0 = Release|Any CPU
		{F3A9DAA4-4028-4A0D-968C-B512645A7E46}.Debug|Any CPU.ActiveCfg = Debug|Any CPU
		{F3A9DAA4-4028-4A0D-968C-B512645A7E46}.Debug|Any CPU.Build.0 = Debug|Any CPU
		{F3A9DAA4-4028-4A0D-968C-B512645A7E46}.Debug|ARM64.ActiveCfg = Debug|Any CPU
		{F3A9DAA4-4028-4A0D-968C-B512645A7E46}.Debug|ARM64.Build.0 = Debug|Any CPU
		{F3A9DAA4-4028-4A0D-968C-B512645A7E46}.Release|Any CPU.ActiveCfg = Release|Any CPU
		{F3A9DAA4-4028-4A0D-968C-B512645A7E46}.Release|Any CPU.Build.0 = Release|Any CPU
		{F3A9DAA4-4028-4A0D-968C-B512645A7E46}.Release|ARM64.ActiveCfg = Release|Any CPU
		{F3A9DAA4-4028-4A0D-968C-B512645A7E46}.Release|ARM64.Build.0 = Release|Any CPU
		{B614E0B1-B8E4-4854-8B45-397B2E3AAA2A}.Debug|Any CPU.ActiveCfg = Debug|Any CPU
		{B614E0B1-B8E4-4854-8B45-397B2E3AAA2A}.Debug|Any CPU.Build.0 = Debug|Any CPU
		{B614E0B1-B8E4-4854-8B45-397B2E3AAA2A}.Debug|ARM64.ActiveCfg = Debug|Any CPU
		{B614E0B1-B8E4-4854-8B45-397B2E3AAA2A}.Debug|ARM64.Build.0 = Debug|Any CPU
		{B614E0B1-B8E4-4854-8B45-397B2E3AAA2A}.Release|Any CPU.ActiveCfg = Release|Any CPU
		{B614E0B1-B8E4-4854-8B45-397B2E3AAA2A}.Release|Any CPU.Build.0 = Release|Any CPU
		{B614E0B1-B8E4-4854-8B45-397B2E3AAA2A}.Release|ARM64.ActiveCfg = Release|Any CPU
		{B614E0B1-B8E4-4854-8B45-397B2E3AAA2A}.Release|ARM64.Build.0 = Release|Any CPU
		{87DA7C05-37C5-4BD2-AF52-EA514CF58AEA}.Debug|Any CPU.ActiveCfg = Debug|Any CPU
		{87DA7C05-37C5-4BD2-AF52-EA514CF58AEA}.Debug|Any CPU.Build.0 = Debug|Any CPU
		{87DA7C05-37C5-4BD2-AF52-EA514CF58AEA}.Debug|ARM64.ActiveCfg = Debug|Any CPU
		{87DA7C05-37C5-4BD2-AF52-EA514CF58AEA}.Debug|ARM64.Build.0 = Debug|Any CPU
		{87DA7C05-37C5-4BD2-AF52-EA514CF58AEA}.Release|Any CPU.ActiveCfg = Release|Any CPU
		{87DA7C05-37C5-4BD2-AF52-EA514CF58AEA}.Release|Any CPU.Build.0 = Release|Any CPU
		{87DA7C05-37C5-4BD2-AF52-EA514CF58AEA}.Release|ARM64.ActiveCfg = Release|Any CPU
		{87DA7C05-37C5-4BD2-AF52-EA514CF58AEA}.Release|ARM64.Build.0 = Release|Any CPU
		{CD40F412-AAD3-4847-A4D0-40E4E67428C5}.Debug|Any CPU.ActiveCfg = Debug|Any CPU
		{CD40F412-AAD3-4847-A4D0-40E4E67428C5}.Debug|Any CPU.Build.0 = Debug|Any CPU
		{CD40F412-AAD3-4847-A4D0-40E4E67428C5}.Debug|ARM64.ActiveCfg = Debug|Any CPU
		{CD40F412-AAD3-4847-A4D0-40E4E67428C5}.Debug|ARM64.Build.0 = Debug|Any CPU
		{CD40F412-AAD3-4847-A4D0-40E4E67428C5}.Release|Any CPU.ActiveCfg = Release|Any CPU
		{CD40F412-AAD3-4847-A4D0-40E4E67428C5}.Release|Any CPU.Build.0 = Release|Any CPU
		{CD40F412-AAD3-4847-A4D0-40E4E67428C5}.Release|ARM64.ActiveCfg = Release|Any CPU
		{CD40F412-AAD3-4847-A4D0-40E4E67428C5}.Release|ARM64.Build.0 = Release|Any CPU
		{E25636B0-7A1C-4BC0-A880-99C908965159}.Debug|Any CPU.ActiveCfg = Debug|Any CPU
		{E25636B0-7A1C-4BC0-A880-99C908965159}.Debug|Any CPU.Build.0 = Debug|Any CPU
		{E25636B0-7A1C-4BC0-A880-99C908965159}.Debug|ARM64.ActiveCfg = Debug|Any CPU
		{E25636B0-7A1C-4BC0-A880-99C908965159}.Debug|ARM64.Build.0 = Debug|Any CPU
		{E25636B0-7A1C-4BC0-A880-99C908965159}.Release|Any CPU.ActiveCfg = Release|Any CPU
		{E25636B0-7A1C-4BC0-A880-99C908965159}.Release|Any CPU.Build.0 = Release|Any CPU
		{E25636B0-7A1C-4BC0-A880-99C908965159}.Release|ARM64.ActiveCfg = Release|Any CPU
		{E25636B0-7A1C-4BC0-A880-99C908965159}.Release|ARM64.Build.0 = Release|Any CPU
		{C3880A09-FBD0-44F9-9A04-74E8122622D1}.Debug|Any CPU.ActiveCfg = Debug|Any CPU
		{C3880A09-FBD0-44F9-9A04-74E8122622D1}.Debug|Any CPU.Build.0 = Debug|Any CPU
		{C3880A09-FBD0-44F9-9A04-74E8122622D1}.Debug|ARM64.ActiveCfg = Debug|Any CPU
		{C3880A09-FBD0-44F9-9A04-74E8122622D1}.Debug|ARM64.Build.0 = Debug|Any CPU
		{C3880A09-FBD0-44F9-9A04-74E8122622D1}.Release|Any CPU.ActiveCfg = Release|Any CPU
		{C3880A09-FBD0-44F9-9A04-74E8122622D1}.Release|Any CPU.Build.0 = Release|Any CPU
		{C3880A09-FBD0-44F9-9A04-74E8122622D1}.Release|ARM64.ActiveCfg = Release|Any CPU
		{C3880A09-FBD0-44F9-9A04-74E8122622D1}.Release|ARM64.Build.0 = Release|Any CPU
		{F76BB757-DEAE-4FF8-BE38-FF4E4F5242C8}.Debug|Any CPU.ActiveCfg = Debug|Any CPU
		{F76BB757-DEAE-4FF8-BE38-FF4E4F5242C8}.Debug|Any CPU.Build.0 = Debug|Any CPU
		{F76BB757-DEAE-4FF8-BE38-FF4E4F5242C8}.Debug|ARM64.ActiveCfg = Debug|Any CPU
		{F76BB757-DEAE-4FF8-BE38-FF4E4F5242C8}.Debug|ARM64.Build.0 = Debug|Any CPU
		{F76BB757-DEAE-4FF8-BE38-FF4E4F5242C8}.Release|Any CPU.ActiveCfg = Release|Any CPU
		{F76BB757-DEAE-4FF8-BE38-FF4E4F5242C8}.Release|Any CPU.Build.0 = Release|Any CPU
		{F76BB757-DEAE-4FF8-BE38-FF4E4F5242C8}.Release|ARM64.ActiveCfg = Release|Any CPU
		{F76BB757-DEAE-4FF8-BE38-FF4E4F5242C8}.Release|ARM64.Build.0 = Release|Any CPU
		{2628280E-DD45-4A9A-B66E-3ECF9394F235}.Debug|Any CPU.ActiveCfg = Debug|Any CPU
		{2628280E-DD45-4A9A-B66E-3ECF9394F235}.Debug|Any CPU.Build.0 = Debug|Any CPU
		{2628280E-DD45-4A9A-B66E-3ECF9394F235}.Debug|ARM64.ActiveCfg = Debug|Any CPU
		{2628280E-DD45-4A9A-B66E-3ECF9394F235}.Debug|ARM64.Build.0 = Debug|Any CPU
		{2628280E-DD45-4A9A-B66E-3ECF9394F235}.Release|Any CPU.ActiveCfg = Release|Any CPU
		{2628280E-DD45-4A9A-B66E-3ECF9394F235}.Release|Any CPU.Build.0 = Release|Any CPU
		{2628280E-DD45-4A9A-B66E-3ECF9394F235}.Release|ARM64.ActiveCfg = Release|Any CPU
		{2628280E-DD45-4A9A-B66E-3ECF9394F235}.Release|ARM64.Build.0 = Release|Any CPU
		{7B8F6E44-0E26-4D45-A7FD-4E056CD1C3C1}.Debug|Any CPU.ActiveCfg = Debug|Any CPU
		{7B8F6E44-0E26-4D45-A7FD-4E056CD1C3C1}.Debug|Any CPU.Build.0 = Debug|Any CPU
		{7B8F6E44-0E26-4D45-A7FD-4E056CD1C3C1}.Debug|ARM64.ActiveCfg = Debug|Any CPU
		{7B8F6E44-0E26-4D45-A7FD-4E056CD1C3C1}.Debug|ARM64.Build.0 = Debug|Any CPU
		{7B8F6E44-0E26-4D45-A7FD-4E056CD1C3C1}.Release|Any CPU.ActiveCfg = Release|Any CPU
		{7B8F6E44-0E26-4D45-A7FD-4E056CD1C3C1}.Release|Any CPU.Build.0 = Release|Any CPU
		{7B8F6E44-0E26-4D45-A7FD-4E056CD1C3C1}.Release|ARM64.ActiveCfg = Release|Any CPU
		{7B8F6E44-0E26-4D45-A7FD-4E056CD1C3C1}.Release|ARM64.Build.0 = Release|Any CPU
		{2543494B-0018-4CAF-ACBD-8BA828ABC42A}.Debug|Any CPU.ActiveCfg = Debug|Any CPU
		{2543494B-0018-4CAF-ACBD-8BA828ABC42A}.Debug|Any CPU.Build.0 = Debug|Any CPU
		{2543494B-0018-4CAF-ACBD-8BA828ABC42A}.Debug|ARM64.ActiveCfg = Debug|Any CPU
		{2543494B-0018-4CAF-ACBD-8BA828ABC42A}.Debug|ARM64.Build.0 = Debug|Any CPU
		{2543494B-0018-4CAF-ACBD-8BA828ABC42A}.Release|Any CPU.ActiveCfg = Release|Any CPU
		{2543494B-0018-4CAF-ACBD-8BA828ABC42A}.Release|Any CPU.Build.0 = Release|Any CPU
		{2543494B-0018-4CAF-ACBD-8BA828ABC42A}.Release|ARM64.ActiveCfg = Release|Any CPU
		{2543494B-0018-4CAF-ACBD-8BA828ABC42A}.Release|ARM64.Build.0 = Release|Any CPU
		{7FCF71A4-E2E9-4335-B72D-EA3FE34BD1D4}.Debug|Any CPU.ActiveCfg = Debug|Any CPU
		{7FCF71A4-E2E9-4335-B72D-EA3FE34BD1D4}.Debug|Any CPU.Build.0 = Debug|Any CPU
		{7FCF71A4-E2E9-4335-B72D-EA3FE34BD1D4}.Debug|ARM64.ActiveCfg = Debug|Any CPU
		{7FCF71A4-E2E9-4335-B72D-EA3FE34BD1D4}.Debug|ARM64.Build.0 = Debug|Any CPU
		{7FCF71A4-E2E9-4335-B72D-EA3FE34BD1D4}.Release|Any CPU.ActiveCfg = Release|Any CPU
		{7FCF71A4-E2E9-4335-B72D-EA3FE34BD1D4}.Release|Any CPU.Build.0 = Release|Any CPU
		{7FCF71A4-E2E9-4335-B72D-EA3FE34BD1D4}.Release|ARM64.ActiveCfg = Release|Any CPU
		{7FCF71A4-E2E9-4335-B72D-EA3FE34BD1D4}.Release|ARM64.Build.0 = Release|Any CPU
		{4955569E-F3A8-426B-83A9-5344BD75053C}.Debug|Any CPU.ActiveCfg = Debug|Any CPU
		{4955569E-F3A8-426B-83A9-5344BD75053C}.Debug|Any CPU.Build.0 = Debug|Any CPU
		{4955569E-F3A8-426B-83A9-5344BD75053C}.Debug|ARM64.ActiveCfg = Debug|Any CPU
		{4955569E-F3A8-426B-83A9-5344BD75053C}.Debug|ARM64.Build.0 = Debug|Any CPU
		{4955569E-F3A8-426B-83A9-5344BD75053C}.Release|Any CPU.ActiveCfg = Release|Any CPU
		{4955569E-F3A8-426B-83A9-5344BD75053C}.Release|Any CPU.Build.0 = Release|Any CPU
		{4955569E-F3A8-426B-83A9-5344BD75053C}.Release|ARM64.ActiveCfg = Release|Any CPU
		{4955569E-F3A8-426B-83A9-5344BD75053C}.Release|ARM64.Build.0 = Release|Any CPU
		{E3B418C9-5206-45BC-A141-823C127CC7A7}.Debug|Any CPU.ActiveCfg = Debug|Any CPU
		{E3B418C9-5206-45BC-A141-823C127CC7A7}.Debug|Any CPU.Build.0 = Debug|Any CPU
		{E3B418C9-5206-45BC-A141-823C127CC7A7}.Debug|ARM64.ActiveCfg = Debug|Any CPU
		{E3B418C9-5206-45BC-A141-823C127CC7A7}.Debug|ARM64.Build.0 = Debug|Any CPU
		{E3B418C9-5206-45BC-A141-823C127CC7A7}.Release|Any CPU.ActiveCfg = Release|Any CPU
		{E3B418C9-5206-45BC-A141-823C127CC7A7}.Release|Any CPU.Build.0 = Release|Any CPU
		{E3B418C9-5206-45BC-A141-823C127CC7A7}.Release|ARM64.ActiveCfg = Release|Any CPU
		{E3B418C9-5206-45BC-A141-823C127CC7A7}.Release|ARM64.Build.0 = Release|Any CPU
		{7FFA3D68-913C-486E-926A-B966B214CD2C}.Debug|Any CPU.ActiveCfg = Debug|Any CPU
		{7FFA3D68-913C-486E-926A-B966B214CD2C}.Debug|Any CPU.Build.0 = Debug|Any CPU
		{7FFA3D68-913C-486E-926A-B966B214CD2C}.Debug|ARM64.ActiveCfg = Debug|Any CPU
		{7FFA3D68-913C-486E-926A-B966B214CD2C}.Debug|ARM64.Build.0 = Debug|Any CPU
		{7FFA3D68-913C-486E-926A-B966B214CD2C}.Release|Any CPU.ActiveCfg = Release|Any CPU
		{7FFA3D68-913C-486E-926A-B966B214CD2C}.Release|Any CPU.Build.0 = Release|Any CPU
		{7FFA3D68-913C-486E-926A-B966B214CD2C}.Release|ARM64.ActiveCfg = Release|Any CPU
		{7FFA3D68-913C-486E-926A-B966B214CD2C}.Release|ARM64.Build.0 = Release|Any CPU
		{FFEC76E5-120D-4C27-955D-C510CA80397F}.Debug|Any CPU.ActiveCfg = Debug|Any CPU
		{FFEC76E5-120D-4C27-955D-C510CA80397F}.Debug|Any CPU.Build.0 = Debug|Any CPU
		{FFEC76E5-120D-4C27-955D-C510CA80397F}.Debug|ARM64.ActiveCfg = Debug|Any CPU
		{FFEC76E5-120D-4C27-955D-C510CA80397F}.Debug|ARM64.Build.0 = Debug|Any CPU
		{FFEC76E5-120D-4C27-955D-C510CA80397F}.Release|Any CPU.ActiveCfg = Release|Any CPU
		{FFEC76E5-120D-4C27-955D-C510CA80397F}.Release|Any CPU.Build.0 = Release|Any CPU
		{FFEC76E5-120D-4C27-955D-C510CA80397F}.Release|ARM64.ActiveCfg = Release|Any CPU
		{FFEC76E5-120D-4C27-955D-C510CA80397F}.Release|ARM64.Build.0 = Release|Any CPU
		{A49034D4-7B32-49AC-BAF8-16612CE5AE86}.Debug|Any CPU.ActiveCfg = Debug|Any CPU
		{A49034D4-7B32-49AC-BAF8-16612CE5AE86}.Debug|Any CPU.Build.0 = Debug|Any CPU
		{A49034D4-7B32-49AC-BAF8-16612CE5AE86}.Debug|ARM64.ActiveCfg = Debug|Any CPU
		{A49034D4-7B32-49AC-BAF8-16612CE5AE86}.Debug|ARM64.Build.0 = Debug|Any CPU
		{A49034D4-7B32-49AC-BAF8-16612CE5AE86}.Release|Any CPU.ActiveCfg = Release|Any CPU
		{A49034D4-7B32-49AC-BAF8-16612CE5AE86}.Release|Any CPU.Build.0 = Release|Any CPU
		{A49034D4-7B32-49AC-BAF8-16612CE5AE86}.Release|ARM64.ActiveCfg = Release|Any CPU
		{A49034D4-7B32-49AC-BAF8-16612CE5AE86}.Release|ARM64.Build.0 = Release|Any CPU
		{9E0FD733-26C9-4786-BEA6-08B32393EEEC}.Debug|Any CPU.ActiveCfg = Debug|Any CPU
		{9E0FD733-26C9-4786-BEA6-08B32393EEEC}.Debug|Any CPU.Build.0 = Debug|Any CPU
		{9E0FD733-26C9-4786-BEA6-08B32393EEEC}.Debug|ARM64.ActiveCfg = Debug|Any CPU
		{9E0FD733-26C9-4786-BEA6-08B32393EEEC}.Debug|ARM64.Build.0 = Debug|Any CPU
		{9E0FD733-26C9-4786-BEA6-08B32393EEEC}.Release|Any CPU.ActiveCfg = Release|Any CPU
		{9E0FD733-26C9-4786-BEA6-08B32393EEEC}.Release|Any CPU.Build.0 = Release|Any CPU
		{9E0FD733-26C9-4786-BEA6-08B32393EEEC}.Release|ARM64.ActiveCfg = Release|Any CPU
		{9E0FD733-26C9-4786-BEA6-08B32393EEEC}.Release|ARM64.Build.0 = Release|Any CPU
		{3DA64A6A-065F-4B14-8CA2-DDD1A6B53C0C}.Debug|Any CPU.ActiveCfg = Debug|Any CPU
		{3DA64A6A-065F-4B14-8CA2-DDD1A6B53C0C}.Debug|Any CPU.Build.0 = Debug|Any CPU
		{3DA64A6A-065F-4B14-8CA2-DDD1A6B53C0C}.Debug|ARM64.ActiveCfg = Debug|Any CPU
		{3DA64A6A-065F-4B14-8CA2-DDD1A6B53C0C}.Debug|ARM64.Build.0 = Debug|Any CPU
		{3DA64A6A-065F-4B14-8CA2-DDD1A6B53C0C}.Release|Any CPU.ActiveCfg = Release|Any CPU
		{3DA64A6A-065F-4B14-8CA2-DDD1A6B53C0C}.Release|Any CPU.Build.0 = Release|Any CPU
		{3DA64A6A-065F-4B14-8CA2-DDD1A6B53C0C}.Release|ARM64.ActiveCfg = Release|Any CPU
		{3DA64A6A-065F-4B14-8CA2-DDD1A6B53C0C}.Release|ARM64.Build.0 = Release|Any CPU
		{01B7353B-F2A8-4569-B76B-C62CF93ACC6C}.Debug|Any CPU.ActiveCfg = Debug|Any CPU
		{01B7353B-F2A8-4569-B76B-C62CF93ACC6C}.Debug|Any CPU.Build.0 = Debug|Any CPU
		{01B7353B-F2A8-4569-B76B-C62CF93ACC6C}.Debug|ARM64.ActiveCfg = Debug|Any CPU
		{01B7353B-F2A8-4569-B76B-C62CF93ACC6C}.Debug|ARM64.Build.0 = Debug|Any CPU
		{01B7353B-F2A8-4569-B76B-C62CF93ACC6C}.Release|Any CPU.ActiveCfg = Release|Any CPU
		{01B7353B-F2A8-4569-B76B-C62CF93ACC6C}.Release|Any CPU.Build.0 = Release|Any CPU
		{01B7353B-F2A8-4569-B76B-C62CF93ACC6C}.Release|ARM64.ActiveCfg = Release|Any CPU
		{01B7353B-F2A8-4569-B76B-C62CF93ACC6C}.Release|ARM64.Build.0 = Release|Any CPU
		{3DA7350F-DC7A-4C12-A68E-A01A3EC904F8}.Debug|Any CPU.ActiveCfg = Debug|Any CPU
		{3DA7350F-DC7A-4C12-A68E-A01A3EC904F8}.Debug|Any CPU.Build.0 = Debug|Any CPU
		{3DA7350F-DC7A-4C12-A68E-A01A3EC904F8}.Debug|ARM64.ActiveCfg = Debug|Any CPU
		{3DA7350F-DC7A-4C12-A68E-A01A3EC904F8}.Debug|ARM64.Build.0 = Debug|Any CPU
		{3DA7350F-DC7A-4C12-A68E-A01A3EC904F8}.Release|Any CPU.ActiveCfg = Release|Any CPU
		{3DA7350F-DC7A-4C12-A68E-A01A3EC904F8}.Release|Any CPU.Build.0 = Release|Any CPU
		{3DA7350F-DC7A-4C12-A68E-A01A3EC904F8}.Release|ARM64.ActiveCfg = Release|Any CPU
		{3DA7350F-DC7A-4C12-A68E-A01A3EC904F8}.Release|ARM64.Build.0 = Release|Any CPU
		{DAAAF550-68BF-4298-A040-11A0A22A8CC4}.Debug|Any CPU.ActiveCfg = Debug|Any CPU
		{DAAAF550-68BF-4298-A040-11A0A22A8CC4}.Debug|Any CPU.Build.0 = Debug|Any CPU
		{DAAAF550-68BF-4298-A040-11A0A22A8CC4}.Debug|ARM64.ActiveCfg = Debug|Any CPU
		{DAAAF550-68BF-4298-A040-11A0A22A8CC4}.Debug|ARM64.Build.0 = Debug|Any CPU
		{DAAAF550-68BF-4298-A040-11A0A22A8CC4}.Release|Any CPU.ActiveCfg = Release|Any CPU
		{DAAAF550-68BF-4298-A040-11A0A22A8CC4}.Release|Any CPU.Build.0 = Release|Any CPU
		{DAAAF550-68BF-4298-A040-11A0A22A8CC4}.Release|ARM64.ActiveCfg = Release|Any CPU
		{DAAAF550-68BF-4298-A040-11A0A22A8CC4}.Release|ARM64.Build.0 = Release|Any CPU
		{B556C0BB-86BC-4945-9108-858FF924FC62}.Debug|Any CPU.ActiveCfg = Debug|Any CPU
		{B556C0BB-86BC-4945-9108-858FF924FC62}.Debug|Any CPU.Build.0 = Debug|Any CPU
		{B556C0BB-86BC-4945-9108-858FF924FC62}.Debug|ARM64.ActiveCfg = Debug|ARM64
		{B556C0BB-86BC-4945-9108-858FF924FC62}.Debug|ARM64.Build.0 = Debug|ARM64
		{B556C0BB-86BC-4945-9108-858FF924FC62}.Release|Any CPU.ActiveCfg = Release|Any CPU
		{B556C0BB-86BC-4945-9108-858FF924FC62}.Release|Any CPU.Build.0 = Release|Any CPU
		{B556C0BB-86BC-4945-9108-858FF924FC62}.Release|ARM64.ActiveCfg = Release|ARM64
		{B556C0BB-86BC-4945-9108-858FF924FC62}.Release|ARM64.Build.0 = Release|ARM64
	EndGlobalSection
	GlobalSection(SolutionProperties) = preSolution
		HideSolutionNode = FALSE
	EndGlobalSection
	GlobalSection(NestedProjects) = preSolution
		{D23C3C6C-30AB-4E6B-A17C-EC54BD788AF7} = {F244649A-C200-4F00-9793-8440602E2EC2}
		{4D4AE02F-99F5-4555-9111-48A64A66750F} = {F244649A-C200-4F00-9793-8440602E2EC2}
		{F3A9DAA4-4028-4A0D-968C-B512645A7E46} = {F244649A-C200-4F00-9793-8440602E2EC2}
		{B614E0B1-B8E4-4854-8B45-397B2E3AAA2A} = {F244649A-C200-4F00-9793-8440602E2EC2}
		{87DA7C05-37C5-4BD2-AF52-EA514CF58AEA} = {F244649A-C200-4F00-9793-8440602E2EC2}
		{CD40F412-AAD3-4847-A4D0-40E4E67428C5} = {F244649A-C200-4F00-9793-8440602E2EC2}
		{E25636B0-7A1C-4BC0-A880-99C908965159} = {F244649A-C200-4F00-9793-8440602E2EC2}
		{C3880A09-FBD0-44F9-9A04-74E8122622D1} = {F244649A-C200-4F00-9793-8440602E2EC2}
		{F76BB757-DEAE-4FF8-BE38-FF4E4F5242C8} = {F244649A-C200-4F00-9793-8440602E2EC2}
		{2628280E-DD45-4A9A-B66E-3ECF9394F235} = {F244649A-C200-4F00-9793-8440602E2EC2}
		{7B8F6E44-0E26-4D45-A7FD-4E056CD1C3C1} = {F244649A-C200-4F00-9793-8440602E2EC2}
		{2543494B-0018-4CAF-ACBD-8BA828ABC42A} = {F244649A-C200-4F00-9793-8440602E2EC2}
		{7FCF71A4-E2E9-4335-B72D-EA3FE34BD1D4} = {F244649A-C200-4F00-9793-8440602E2EC2}
		{4955569E-F3A8-426B-83A9-5344BD75053C} = {F244649A-C200-4F00-9793-8440602E2EC2}
		{E3B418C9-5206-45BC-A141-823C127CC7A7} = {F244649A-C200-4F00-9793-8440602E2EC2}
		{7FFA3D68-913C-486E-926A-B966B214CD2C} = {F244649A-C200-4F00-9793-8440602E2EC2}
		{FFEC76E5-120D-4C27-955D-C510CA80397F} = {F244649A-C200-4F00-9793-8440602E2EC2}
		{A49034D4-7B32-49AC-BAF8-16612CE5AE86} = {F244649A-C200-4F00-9793-8440602E2EC2}
		{9E0FD733-26C9-4786-BEA6-08B32393EEEC} = {F244649A-C200-4F00-9793-8440602E2EC2}
		{3DA64A6A-065F-4B14-8CA2-DDD1A6B53C0C} = {F244649A-C200-4F00-9793-8440602E2EC2}
		{01B7353B-F2A8-4569-B76B-C62CF93ACC6C} = {F244649A-C200-4F00-9793-8440602E2EC2}
		{3DA7350F-DC7A-4C12-A68E-A01A3EC904F8} = {F244649A-C200-4F00-9793-8440602E2EC2}
		{DAAAF550-68BF-4298-A040-11A0A22A8CC4} = {F244649A-C200-4F00-9793-8440602E2EC2}
		{B556C0BB-86BC-4945-9108-858FF924FC62} = {F244649A-C200-4F00-9793-8440602E2EC2}
	EndGlobalSection
	GlobalSection(ExtensibilityGlobals) = postSolution
		SolutionGuid = {D9F541AE-081D-4D87-AD71-44B19C10C064}
	EndGlobalSection
EndGlobal
